# THIS IS AN AUTOGENERATED FILE. DO NOT EDIT THIS FILE DIRECTLY.
# yarn lockfile v1


"@woocommerce/dependency-extraction-webpack-plugin@^2.3.0":
  version "2.3.0"
  resolved "https://registry.yarnpkg.com/@woocommerce/dependency-extraction-webpack-plugin/-/dependency-extraction-webpack-plugin-2.3.0.tgz#9d242e538072fa5cc2d5f6241af1272317c757bb"
  integrity sha512-dfa5bBZFRKcjFpqTEXyuUKC16n85RlKQ4EamdAAqUVQedv4DMRCj2jWUcId7pN2mOFGgAp+heGgb9i6fwiZk2Q==
  dependencies:
    "@wordpress/dependency-extraction-webpack-plugin" "^3.3.0"

"@wordpress/dependency-extraction-webpack-plugin@^3.3.0":
  version "3.7.0"
  resolved "https://registry.yarnpkg.com/@wordpress/dependency-extraction-webpack-plugin/-/dependency-extraction-webpack-plugin-3.7.0.tgz#e52ef31f66b8c4add3d773a87e11007375127b04"
  integrity sha512-SHyp88D1ICSaRVMfs/kKEicjKXWf1y2wecUeZIiMtkfAi8Bnk3JsnUo11LH7drJIXfjmDoer2B2rrBMZmRm8VA==
  dependencies:
    json2php "^0.0.4"
    webpack-sources "^3.2.2"

json2php@^0.0.4:
  version "0.0.4"
  resolved "https://registry.yarnpkg.com/json2php/-/json2php-0.0.4.tgz#6bd85a1dda6a5dd7e91022bb24403cc1b7c2ee34"
  integrity sha512-hFzejhs28f70sGnutcsRS459MnAsjRVI85RgPAL1KQIZEpjiDitc27CZv4IgOtaR86vrqOVlu9vJNew2XyTH4g==

webpack-sources@^3.2.2:
  version "3.2.3"
  resolved "https://registry.yarnpkg.com/webpack-sources/-/webpack-sources-3.2.3.tgz#2d4daab8451fd4b240cc27055ff6a0c2ccea0cde"
  integrity sha512-/DyMEOrDgLKKIG0fmvtz+4dUX/3Ghozwgm6iPp8KRhvn+eQf9+Q7GWxVNMk3+uCPWfdXYC4ExGBckIXdFEfH1w==
